
Microsoft Visual Studio Solution File, Format Version 12.00
# Visual Studio Version 17
VisualStudioVersion = 17.8.34330.188
MinimumVisualStudioVersion = 10.0.40219.1
Project("{9A19103F-16F7-4668-BE54-9A1E7A4F7556}") = "NeuralNetworkLibrary", "NeuralNetworkLibrary\NeuralNetworkLibrary.csproj", "{C5B44A14-1F4E-47D5-8F10-4E0FE8ABDBAF}"
EndProject
Project("{9A19103F-16F7-4668-BE54-9A1E7A4F7556}") = "TestConsoleApp", "TestConsoleApp\TestConsoleApp.csproj", "{F4551714-6822-4E55-9D34-AAE434BF6751}"
	ProjectSection(ProjectDependencies) = postProject
		{C5B44A14-1F4E-47D5-8F10-4E0FE8ABDBAF} = {C5B44A14-1F4E-47D5-8F10-4E0FE8ABDBAF}
	EndProjectSection
EndProject
Project("{9A19103F-16F7-4668-BE54-9A1E7A4F7556}") = "DrawingIdentifierGui", "DrawingIdentifierGui\DrawingIdentifierGui.csproj", "{7A54F010-27C2-43BD-8168-6F9252E10532}"
EndProject
Project("{9A19103F-16F7-4668-BE54-9A1E7A4F7556}") = "NeuralNetworkUnitTest", "NeuralNetworkUnitTest\NeuralNetworkUnitTest.csproj", "{4B130441-57F6-45DB-B177-7ACEEDEF04C9}"
EndProject
Global
	GlobalSection(SolutionConfigurationPlatforms) = preSolution
		Debug|Any CPU = Debug|Any CPU
		Release|Any CPU = Release|Any CPU
	EndGlobalSection
	GlobalSection(ProjectConfigurationPlatforms) = postSolution
		{C5B44A14-1F4E-47D5-8F10-4E0FE8ABDBAF}.Debug|Any CPU.ActiveCfg = Debug|Any CPU
		{C5B44A14-1F4E-47D5-8F10-4E0FE8ABDBAF}.Debug|Any CPU.Build.0 = Debug|Any CPU
		{C5B44A14-1F4E-47D5-8F10-4E0FE8ABDBAF}.Release|Any CPU.ActiveCfg = Release|Any CPU
		{C5B44A14-1F4E-47D5-8F10-4E0FE8ABDBAF}.Release|Any CPU.Build.0 = Release|Any CPU
		{F4551714-6822-4E55-9D34-AAE434BF6751}.Debug|Any CPU.ActiveCfg = Debug|Any CPU
		{F4551714-6822-4E55-9D34-AAE434BF6751}.Debug|Any CPU.Build.0 = Debug|Any CPU
		{F4551714-6822-4E55-9D34-AAE434BF6751}.Release|Any CPU.ActiveCfg = Release|Any CPU
		{F4551714-6822-4E55-9D34-AAE434BF6751}.Release|Any CPU.Build.0 = Release|Any CPU
		{7A54F010-27C2-43BD-8168-6F9252E10532}.Debug|Any CPU.ActiveCfg = Debug|Any CPU
		{7A54F010-27C2-43BD-8168-6F9252E10532}.Debug|Any CPU.Build.0 = Debug|Any CPU
		{7A54F010-27C2-43BD-8168-6F9252E10532}.Release|Any CPU.ActiveCfg = Release|Any CPU
		{7A54F010-27C2-43BD-8168-6F9252E10532}.Release|Any CPU.Build.0 = Release|Any CPU
		{4B130441-57F6-45DB-B177-7ACEEDEF04C9}.Debug|Any CPU.ActiveCfg = Debug|Any CPU
		{4B130441-57F6-45DB-B177-7ACEEDEF04C9}.Debug|Any CPU.Build.0 = Debug|Any CPU
		{4B130441-57F6-45DB-B177-7ACEEDEF04C9}.Release|Any CPU.ActiveCfg = Release|Any CPU
		{4B130441-57F6-45DB-B177-7ACEEDEF04C9}.Release|Any CPU.Build.0 = Release|Any CPU
	EndGlobalSection
	GlobalSection(SolutionProperties) = preSolution
		HideSolutionNode = FALSE
	EndGlobalSection
	GlobalSection(ExtensibilityGlobals) = postSolution
		SolutionGuid = {68E54282-8810-4494-8E67-D66B599F9755}
	EndGlobalSection
EndGlobal
